
Microsoft Visual Studio Solution File, Format Version 12.00
# Visual Studio Version 16
VisualStudioVersion = 16.0.30717.126
MinimumVisualStudioVersion = 10.0.40219.1
Project("{FAE04EC0-301F-11D3-BF4B-00C04F79EFBC}") = "WpfApp2", "WpfApp2\WpfApp2.csproj", "{84996D42-6E53-4A6F-96C3-2967787B8D0C}"
EndProject
Global
	GlobalSection(SolutionConfigurationPlatforms) = preSolution
		Debug|Any CPU = Debug|Any CPU
		Release|Any CPU = Release|Any CPU
	EndGlobalSection
	GlobalSection(ProjectConfigurationPlatforms) = postSolution
		{84996D42-6E53-4A6F-96C3-2967787B8D0C}.Debug|Any CPU.ActiveCfg = Debug|Any CPU
		{84996D42-6E53-4A6F-96C3-2967787B8D0C}.Debug|Any CPU.Build.0 = Debug|Any CPU
		{84996D42-6E53-4A6F-96C3-2967787B8D0C}.Release|Any CPU.ActiveCfg = Release|Any CPU
		{84996D42-6E53-4A6F-96C3-2967787B8D0C}.Release|Any CPU.Build.0 = Release|Any CPU
	EndGlobalSection
	GlobalSection(SolutionProperties) = preSolution
		HideSolutionNode = FALSE
	EndGlobalSection
	GlobalSection(ExtensibilityGlobals) = postSolution
		SolutionGuid = {ED01E458-801D-4671-B1C9-DF1CB3327069}
	EndGlobalSection
EndGlobal
